
Microsoft Visual Studio Solution File, Format Version 12.00
# Visual Studio 14
VisualStudioVersion = 14.0.25420.1
MinimumVisualStudioVersion = 10.0.40219.1
Project("{FAE04EC0-301F-11D3-BF4B-00C04F79EFBC}") = "CSDrillPt1", "Drill\CSDrillPt1.csproj", "{F79D9179-22ED-4959-9295-E3679532026C}"
EndProject
Project("{FAE04EC0-301F-11D3-BF4B-00C04F79EFBC}") = "Drill.Test", "Drill.Test\Drill.Test.csproj", "{411EC185-AC17-42B8-B3FF-86E2BBE3F765}"
EndProject
Global
	GlobalSection(SolutionConfigurationPlatforms) = preSolution
		Debug|Any CPU = Debug|Any CPU
		Release|Any CPU = Release|Any CPU
	EndGlobalSection
	GlobalSection(ProjectConfigurationPlatforms) = postSolution
		{F79D9179-22ED-4959-9295-E3679532026C}.Debug|Any CPU.ActiveCfg = Debug|Any CPU
		{F79D9179-22ED-4959-9295-E3679532026C}.Debug|Any CPU.Build.0 = Debug|Any CPU
		{F79D9179-22ED-4959-9295-E3679532026C}.Release|Any CPU.ActiveCfg = Release|Any CPU
		{F79D9179-22ED-4959-9295-E3679532026C}.Release|Any CPU.Build.0 = Release|Any CPU
		{411EC185-AC17-42B8-B3FF-86E2BBE3F765}.Debug|Any CPU.ActiveCfg = Debug|Any CPU
		{411EC185-AC17-42B8-B3FF-86E2BBE3F765}.Debug|Any CPU.Build.0 = Debug|Any CPU
		{411EC185-AC17-42B8-B3FF-86E2BBE3F765}.Release|Any CPU.ActiveCfg = Release|Any CPU
		{411EC185-AC17-42B8-B3FF-86E2BBE3F765}.Release|Any CPU.Build.0 = Release|Any CPU
	EndGlobalSection
	GlobalSection(SolutionProperties) = preSolution
		HideSolutionNode = FALSE
	EndGlobalSection
EndGlobal
